
Microsoft Visual Studio Solution File, Format Version 12.00
# Visual Studio Version 16
VisualStudioVersion = 16.0.30204.135
MinimumVisualStudioVersion = 10.0.40219.1
Project("{FAE04EC0-301F-11D3-BF4B-00C04F79EFBC}") = "WebApplication2", "WebApplication2\WebApplication2.csproj", "{CA80A018-D1F5-4EE5-B3D7-42DF84234B7C}"
EndProject
Global
	GlobalSection(SolutionConfigurationPlatforms) = preSolution
		Debug|Any CPU = Debug|Any CPU
		Release|Any CPU = Release|Any CPU
	EndGlobalSection
	GlobalSection(ProjectConfigurationPlatforms) = postSolution
		{CA80A018-D1F5-4EE5-B3D7-42DF84234B7C}.Debug|Any CPU.ActiveCfg = Debug|Any CPU
		{CA80A018-D1F5-4EE5-B3D7-42DF84234B7C}.Debug|Any CPU.Build.0 = Debug|Any CPU
		{CA80A018-D1F5-4EE5-B3D7-42DF84234B7C}.Release|Any CPU.ActiveCfg = Release|Any CPU
		{CA80A018-D1F5-4EE5-B3D7-42DF84234B7C}.Release|Any CPU.Build.0 = Release|Any CPU
	EndGlobalSection
	GlobalSection(SolutionProperties) = preSolution
		HideSolutionNode = FALSE
	EndGlobalSection
	GlobalSection(ExtensibilityGlobals) = postSolution
		SolutionGuid = {1BD17830-3C6F-4425-9C5C-41CCA07CBA58}
	EndGlobalSection
EndGlobal
